
Microsoft Visual Studio Solution File, Format Version 12.00
# Visual Studio Version 16
VisualStudioVersion = 16.0.29709.97
MinimumVisualStudioVersion = 10.0.40219.1
Project("{2150E333-8FDC-42A3-9474-1A3956D46DE8}") = "Admin", "Admin", "{DB793E08-1770-48DF-9446-1903B3A41EB8}"
EndProject
Project("{9A19103F-16F7-4668-BE54-9A1E7A4F7556}") = "TeamManager.Admin.Domain", "TeamManager.Admin.Domain\TeamManager.Admin.Domain.csproj", "{22CA2251-59F9-498B-949F-99E840B87E45}"
EndProject
Project("{9A19103F-16F7-4668-BE54-9A1E7A4F7556}") = "TeamManager.Core", "TeamManager.Core\TeamManager.Core.csproj", "{FB14D644-A29E-4649-B6E3-D4FA0A959CC0}"
EndProject
Project("{9A19103F-16F7-4668-BE54-9A1E7A4F7556}") = "TeamManager.Admin.Domain.Tests", "TeamManager.Admin.Domain.Tests\TeamManager.Admin.Domain.Tests.csproj", "{45C8771A-F0E2-4E63-834E-97054F231B51}"
EndProject
Project("{9A19103F-16F7-4668-BE54-9A1E7A4F7556}") = "TeamManager.Admin.UseCases", "TeamManager.Admin.UseCases\TeamManager.Admin.UseCases.csproj", "{D3032F2A-A9A6-40EB-BFFC-B1AF03917DC2}"
EndProject
Project("{9A19103F-16F7-4668-BE54-9A1E7A4F7556}") = "TeamManager.Admin.UseCases.Contracts", "TeamManager.Admin.UseCases.Contracts\TeamManager.Admin.UseCases.Contracts.csproj", "{B5855CDD-8B92-4B78-8C90-46C7E84337A5}"
EndProject
Project("{9A19103F-16F7-4668-BE54-9A1E7A4F7556}") = "TeamManager.Admin.TransactionalDataService.Contracts", "TeamManager.Admin.TransactionalDataService.Contracts\TeamManager.Admin.TransactionalDataService.Contracts.csproj", "{257BA927-934F-4B78-A01A-FFD947021401}"
EndProject
Project("{9A19103F-16F7-4668-BE54-9A1E7A4F7556}") = "TeamManager.Admin.TransactionalDataService.EntityFramework", "TeamManager.Admin.TransactionalDataService.EntityFramework\TeamManager.Admin.TransactionalDataService.EntityFramework.csproj", "{812324BB-30A7-4115-BBAC-880A081503AF}"
EndProject
Project("{2150E333-8FDC-42A3-9474-1A3956D46DE8}") = "Tests", "Tests", "{16056DC0-47F8-487B-BA34-6D5F9B203E34}"
EndProject
Project("{9A19103F-16F7-4668-BE54-9A1E7A4F7556}") = "TeamManager.Admin.Api", "TeamManager.Admin.Api\TeamManager.Admin.Api.csproj", "{507D71F7-C0E2-4077-B684-EE32C14405B3}"
EndProject
Project("{9A19103F-16F7-4668-BE54-9A1E7A4F7556}") = "TeamManager.Admin.QueryDataService.Contracts", "TeamManager.Admin.QueryDataService.Contracts\TeamManager.Admin.QueryDataService.Contracts.csproj", "{11CC4444-BA3E-43E3-A183-9D1E3CB0491A}"
EndProject
Project("{9A19103F-16F7-4668-BE54-9A1E7A4F7556}") = "TeamManager.Admin.QueryDataService.Dapper", "TeamManager.Admin.QueryDataService.Dapper\TeamManager.Admin.QueryDataService.Dapper.csproj", "{F719DD74-8150-45C1-9C0B-ECC4DE66FE23}"
EndProject
Project("{2150E333-8FDC-42A3-9474-1A3956D46DE8}") = "QueryDataService", "QueryDataService", "{4A175862-A43E-44B2-AA45-024926B83873}"
EndProject
Project("{2150E333-8FDC-42A3-9474-1A3956D46DE8}") = "TransactionalDataService", "TransactionalDataService", "{03F23472-5529-464C-907B-B678D2F03F19}"
EndProject
Project("{2150E333-8FDC-42A3-9474-1A3956D46DE8}") = "UseCases", "UseCases", "{98063BF0-175C-4CA9-AAAB-DEDC0A95CB86}"
EndProject
Project("{2150E333-8FDC-42A3-9474-1A3956D46DE8}") = "DataAccess", "DataAccess", "{50ACDC33-9B92-43FA-BF4D-20CA4C16FA2B}"
EndProject
Project("{2150E333-8FDC-42A3-9474-1A3956D46DE8}") = "Queries", "Queries", "{BCDD62B1-2576-4758-A324-2BDE855CB635}"
EndProject
Project("{9A19103F-16F7-4668-BE54-9A1E7A4F7556}") = "TeamManager.Admin.Queries", "TeamManager.Admin.Queries\TeamManager.Admin.Queries.csproj", "{DA76000D-F266-49C7-AE8E-4A6790DC0D81}"
EndProject
Project("{9A19103F-16F7-4668-BE54-9A1E7A4F7556}") = "TeamManager.Admin.Queries.Contracts", "TeamManager.Admin.Queries.Contracts\TeamManager.Admin.Queries.Contracts.csproj", "{05A62F73-F21B-4A9F-8F18-86EBD35E0A3E}"
EndProject
Project("{2150E333-8FDC-42A3-9474-1A3956D46DE8}") = "Solution Items", "Solution Items", "{DA1CE4BF-290D-48F0-B08B-00A37BE54605}"
	ProjectSection(SolutionItems) = preProject
		.editorconfig = .editorconfig
	EndProjectSection
EndProject
Global
	GlobalSection(SolutionConfigurationPlatforms) = preSolution
		Debug|Any CPU = Debug|Any CPU
		Release|Any CPU = Release|Any CPU
	EndGlobalSection
	GlobalSection(ProjectConfigurationPlatforms) = postSolution
		{22CA2251-59F9-498B-949F-99E840B87E45}.Debug|Any CPU.ActiveCfg = Debug|Any CPU
		{22CA2251-59F9-498B-949F-99E840B87E45}.Debug|Any CPU.Build.0 = Debug|Any CPU
		{22CA2251-59F9-498B-949F-99E840B87E45}.Release|Any CPU.ActiveCfg = Release|Any CPU
		{22CA2251-59F9-498B-949F-99E840B87E45}.Release|Any CPU.Build.0 = Release|Any CPU
		{FB14D644-A29E-4649-B6E3-D4FA0A959CC0}.Debug|Any CPU.ActiveCfg = Debug|Any CPU
		{FB14D644-A29E-4649-B6E3-D4FA0A959CC0}.Debug|Any CPU.Build.0 = Debug|Any CPU
		{FB14D644-A29E-4649-B6E3-D4FA0A959CC0}.Release|Any CPU.ActiveCfg = Release|Any CPU
		{FB14D644-A29E-4649-B6E3-D4FA0A959CC0}.Release|Any CPU.Build.0 = Release|Any CPU
		{45C8771A-F0E2-4E63-834E-97054F231B51}.Debug|Any CPU.ActiveCfg = Debug|Any CPU
		{45C8771A-F0E2-4E63-834E-97054F231B51}.Debug|Any CPU.Build.0 = Debug|Any CPU
		{45C8771A-F0E2-4E63-834E-97054F231B51}.Release|Any CPU.ActiveCfg = Release|Any CPU
		{45C8771A-F0E2-4E63-834E-97054F231B51}.Release|Any CPU.Build.0 = Release|Any CPU
		{D3032F2A-A9A6-40EB-BFFC-B1AF03917DC2}.Debug|Any CPU.ActiveCfg = Debug|Any CPU
		{D3032F2A-A9A6-40EB-BFFC-B1AF03917DC2}.Debug|Any CPU.Build.0 = Debug|Any CPU
		{D3032F2A-A9A6-40EB-BFFC-B1AF03917DC2}.Release|Any CPU.ActiveCfg = Release|Any CPU
		{D3032F2A-A9A6-40EB-BFFC-B1AF03917DC2}.Release|Any CPU.Build.0 = Release|Any CPU
		{B5855CDD-8B92-4B78-8C90-46C7E84337A5}.Debug|Any CPU.ActiveCfg = Debug|Any CPU
		{B5855CDD-8B92-4B78-8C90-46C7E84337A5}.Debug|Any CPU.Build.0 = Debug|Any CPU
		{B5855CDD-8B92-4B78-8C90-46C7E84337A5}.Release|Any CPU.ActiveCfg = Release|Any CPU
		{B5855CDD-8B92-4B78-8C90-46C7E84337A5}.Release|Any CPU.Build.0 = Release|Any CPU
		{257BA927-934F-4B78-A01A-FFD947021401}.Debug|Any CPU.ActiveCfg = Debug|Any CPU
		{257BA927-934F-4B78-A01A-FFD947021401}.Debug|Any CPU.Build.0 = Debug|Any CPU
		{257BA927-934F-4B78-A01A-FFD947021401}.Release|Any CPU.ActiveCfg = Release|Any CPU
		{257BA927-934F-4B78-A01A-FFD947021401}.Release|Any CPU.Build.0 = Release|Any CPU
		{812324BB-30A7-4115-BBAC-880A081503AF}.Debug|Any CPU.ActiveCfg = Debug|Any CPU
		{812324BB-30A7-4115-BBAC-880A081503AF}.Debug|Any CPU.Build.0 = Debug|Any CPU
		{812324BB-30A7-4115-BBAC-880A081503AF}.Release|Any CPU.ActiveCfg = Release|Any CPU
		{812324BB-30A7-4115-BBAC-880A081503AF}.Release|Any CPU.Build.0 = Release|Any CPU
		{507D71F7-C0E2-4077-B684-EE32C14405B3}.Debug|Any CPU.ActiveCfg = Debug|Any CPU
		{507D71F7-C0E2-4077-B684-EE32C14405B3}.Debug|Any CPU.Build.0 = Debug|Any CPU
		{507D71F7-C0E2-4077-B684-EE32C14405B3}.Release|Any CPU.ActiveCfg = Release|Any CPU
		{507D71F7-C0E2-4077-B684-EE32C14405B3}.Release|Any CPU.Build.0 = Release|Any CPU
		{11CC4444-BA3E-43E3-A183-9D1E3CB0491A}.Debug|Any CPU.ActiveCfg = Debug|Any CPU
		{11CC4444-BA3E-43E3-A183-9D1E3CB0491A}.Debug|Any CPU.Build.0 = Debug|Any CPU
		{11CC4444-BA3E-43E3-A183-9D1E3CB0491A}.Release|Any CPU.ActiveCfg = Release|Any CPU
		{11CC4444-BA3E-43E3-A183-9D1E3CB0491A}.Release|Any CPU.Build.0 = Release|Any CPU
		{F719DD74-8150-45C1-9C0B-ECC4DE66FE23}.Debug|Any CPU.ActiveCfg = Debug|Any CPU
		{F719DD74-8150-45C1-9C0B-ECC4DE66FE23}.Debug|Any CPU.Build.0 = Debug|Any CPU
		{F719DD74-8150-45C1-9C0B-ECC4DE66FE23}.Release|Any CPU.ActiveCfg = Release|Any CPU
		{F719DD74-8150-45C1-9C0B-ECC4DE66FE23}.Release|Any CPU.Build.0 = Release|Any CPU
		{DA76000D-F266-49C7-AE8E-4A6790DC0D81}.Debug|Any CPU.ActiveCfg = Debug|Any CPU
		{DA76000D-F266-49C7-AE8E-4A6790DC0D81}.Debug|Any CPU.Build.0 = Debug|Any CPU
		{DA76000D-F266-49C7-AE8E-4A6790DC0D81}.Release|Any CPU.ActiveCfg = Release|Any CPU
		{DA76000D-F266-49C7-AE8E-4A6790DC0D81}.Release|Any CPU.Build.0 = Release|Any CPU
		{05A62F73-F21B-4A9F-8F18-86EBD35E0A3E}.Debug|Any CPU.ActiveCfg = Debug|Any CPU
		{05A62F73-F21B-4A9F-8F18-86EBD35E0A3E}.Debug|Any CPU.Build.0 = Debug|Any CPU
		{05A62F73-F21B-4A9F-8F18-86EBD35E0A3E}.Release|Any CPU.ActiveCfg = Release|Any CPU
		{05A62F73-F21B-4A9F-8F18-86EBD35E0A3E}.Release|Any CPU.Build.0 = Release|Any CPU
	EndGlobalSection
	GlobalSection(SolutionProperties) = preSolution
		HideSolutionNode = FALSE
	EndGlobalSection
	GlobalSection(NestedProjects) = preSolution
		{22CA2251-59F9-498B-949F-99E840B87E45} = {DB793E08-1770-48DF-9446-1903B3A41EB8}
		{45C8771A-F0E2-4E63-834E-97054F231B51} = {16056DC0-47F8-487B-BA34-6D5F9B203E34}
		{D3032F2A-A9A6-40EB-BFFC-B1AF03917DC2} = {98063BF0-175C-4CA9-AAAB-DEDC0A95CB86}
		{B5855CDD-8B92-4B78-8C90-46C7E84337A5} = {98063BF0-175C-4CA9-AAAB-DEDC0A95CB86}
		{257BA927-934F-4B78-A01A-FFD947021401} = {03F23472-5529-464C-907B-B678D2F03F19}
		{812324BB-30A7-4115-BBAC-880A081503AF} = {03F23472-5529-464C-907B-B678D2F03F19}
		{16056DC0-47F8-487B-BA34-6D5F9B203E34} = {DB793E08-1770-48DF-9446-1903B3A41EB8}
		{507D71F7-C0E2-4077-B684-EE32C14405B3} = {DB793E08-1770-48DF-9446-1903B3A41EB8}
		{11CC4444-BA3E-43E3-A183-9D1E3CB0491A} = {4A175862-A43E-44B2-AA45-024926B83873}
		{F719DD74-8150-45C1-9C0B-ECC4DE66FE23} = {4A175862-A43E-44B2-AA45-024926B83873}
		{4A175862-A43E-44B2-AA45-024926B83873} = {50ACDC33-9B92-43FA-BF4D-20CA4C16FA2B}
		{03F23472-5529-464C-907B-B678D2F03F19} = {50ACDC33-9B92-43FA-BF4D-20CA4C16FA2B}
		{98063BF0-175C-4CA9-AAAB-DEDC0A95CB86} = {DB793E08-1770-48DF-9446-1903B3A41EB8}
		{50ACDC33-9B92-43FA-BF4D-20CA4C16FA2B} = {DB793E08-1770-48DF-9446-1903B3A41EB8}
		{BCDD62B1-2576-4758-A324-2BDE855CB635} = {DB793E08-1770-48DF-9446-1903B3A41EB8}
		{DA76000D-F266-49C7-AE8E-4A6790DC0D81} = {BCDD62B1-2576-4758-A324-2BDE855CB635}
		{05A62F73-F21B-4A9F-8F18-86EBD35E0A3E} = {BCDD62B1-2576-4758-A324-2BDE855CB635}
	EndGlobalSection
	GlobalSection(ExtensibilityGlobals) = postSolution
		SolutionGuid = {E7804380-FB8A-484E-BC82-78D43F36918F}
	EndGlobalSection
EndGlobal
